
Microsoft Visual Studio Solution File, Format Version 12.00
# Visual Studio Version 16
VisualStudioVersion = 16.0.30711.63
MinimumVisualStudioVersion = 10.0.40219.1
Project("{8BC9CEB8-8B4A-11D0-8D11-00A0C91BC942}") = "MAC-adress-KSiS", "MAC-adress-KSiS\MAC-adress-KSiS.vcxproj", "{8428BB0D-5865-44FE-BCC5-2E502C681375}"
EndProject
Global
	GlobalSection(SolutionConfigurationPlatforms) = preSolution
		Debug|x64 = Debug|x64
		Debug|x86 = Debug|x86
		Release|x64 = Release|x64
		Release|x86 = Release|x86
	EndGlobalSection
	GlobalSection(ProjectConfigurationPlatforms) = postSolution
		{8428BB0D-5865-44FE-BCC5-2E502C681375}.Debug|x64.ActiveCfg = Debug|x64
		{8428BB0D-5865-44FE-BCC5-2E502C681375}.Debug|x64.Build.0 = Debug|x64
		{8428BB0D-5865-44FE-BCC5-2E502C681375}.Debug|x86.ActiveCfg = Debug|Win32
		{8428BB0D-5865-44FE-BCC5-2E502C681375}.Debug|x86.Build.0 = Debug|Win32
		{8428BB0D-5865-44FE-BCC5-2E502C681375}.Release|x64.ActiveCfg = Release|x64
		{8428BB0D-5865-44FE-BCC5-2E502C681375}.Release|x64.Build.0 = Release|x64
		{8428BB0D-5865-44FE-BCC5-2E502C681375}.Release|x86.ActiveCfg = Release|Win32
		{8428BB0D-5865-44FE-BCC5-2E502C681375}.Release|x86.Build.0 = Release|Win32
	EndGlobalSection
	GlobalSection(SolutionProperties) = preSolution
		HideSolutionNode = FALSE
	EndGlobalSection
	GlobalSection(ExtensibilityGlobals) = postSolution
		SolutionGuid = {B6C9F57F-C897-41CA-B201-AA847898E19A}
	EndGlobalSection
EndGlobal
